
Microsoft Visual Studio Solution File, Format Version 12.00
# Visual Studio Version 17
VisualStudioVersion = 17.4.33213.308
MinimumVisualStudioVersion = 10.0.40219.1
Project("{FAE04EC0-301F-11D3-BF4B-00C04F79EFBC}") = "Project1-Day2", "Project1-Day2\Project1-Day2.csproj", "{AEF3DB85-810E-49F0-A958-3DFFAC6D6DA6}"
EndProject
Global
	GlobalSection(SolutionConfigurationPlatforms) = preSolution
		Debug|Any CPU = Debug|Any CPU
		Release|Any CPU = Release|Any CPU
	EndGlobalSection
	GlobalSection(ProjectConfigurationPlatforms) = postSolution
		{AEF3DB85-810E-49F0-A958-3DFFAC6D6DA6}.Debug|Any CPU.ActiveCfg = Debug|Any CPU
		{AEF3DB85-810E-49F0-A958-3DFFAC6D6DA6}.Debug|Any CPU.Build.0 = Debug|Any CPU
		{AEF3DB85-810E-49F0-A958-3DFFAC6D6DA6}.Release|Any CPU.ActiveCfg = Release|Any CPU
		{AEF3DB85-810E-49F0-A958-3DFFAC6D6DA6}.Release|Any CPU.Build.0 = Release|Any CPU
	EndGlobalSection
	GlobalSection(SolutionProperties) = preSolution
		HideSolutionNode = FALSE
	EndGlobalSection
	GlobalSection(ExtensibilityGlobals) = postSolution
		SolutionGuid = {14CF1B2A-2E45-4EC5-976D-3B7B868D0F17}
	EndGlobalSection
EndGlobal
